<?xml version="1.0" encoding="utf-8"?>
<Project ToolsVersion="4.0" xmlns="http://schemas.microsoft.com/developer/msbuild/2003">
  <ItemGroup>
    <Filter Include="리소스 파일">
      <UniqueIdentifier>{67DA6AB6-F800-4c08-8B7A-83BB121AAD01}</UniqueIdentifier>
      <Extensions>rc;ico;cur;bmp;dlg;rc2;rct;bin;rgs;gif;jpg;jpeg;jpe;resx;tiff;tif;png;wav;mfcribbon-ms</Extensions>
    </Filter>
    <Filter Include="Default">
      <UniqueIdentifier>{fcbeb127-86cc-4e0f-8573-ce1789e6071b}</UniqueIdentifier>
    </Filter>
    <Filter Include="02. Engine">
      <UniqueIdentifier>{7ac3a739-f8af-49fd-8699-dad119892e0f}</UniqueIdentifier>
    </Filter>
    <Filter Include="01. Header">
      <UniqueIdentifier>{f708ac98-6c80-40e8-b1dd-6d06d472c896}</UniqueIdentifier>
    </Filter>
    <Filter Include="03. Device">
      <UniqueIdentifier>{7413de07-7ee2-4b91-b350-05ec7b97cb3a}</UniqueIdentifier>
    </Filter>
    <Filter Include="Module">
      <UniqueIdentifier>{18b08dec-dd16-4c3c-8aa5-b605a0a16957}</UniqueIdentifier>
    </Filter>
    <Filter Include="HLSL">
      <UniqueIdentifier>{40d0fb03-b5bf-424e-83a4-17552361f664}</UniqueIdentifier>
    </Filter>
    <Filter Include="HLSL\2D">
      <UniqueIdentifier>{dae20311-4493-44e8-b062-b9d6be0a7aa8}</UniqueIdentifier>
    </Filter>
    <Filter Include="04. Manager">
      <UniqueIdentifier>{d4ac8618-b20c-4fc7-b755-118b8a2230ff}</UniqueIdentifier>
    </Filter>
    <Filter Include="04. Manager\01. TimeMgr">
      <UniqueIdentifier>{4190e6a9-826a-4f1c-8fdc-27f780d5fccc}</UniqueIdentifier>
    </Filter>
    <Filter Include="04. Manager\02. PathMgr">
      <UniqueIdentifier>{65cb9b48-2967-443a-be15-5f7f5af30e2b}</UniqueIdentifier>
    </Filter>
    <Filter Include="04. Manager\03. KeyMgr">
      <UniqueIdentifier>{a025acce-d478-46a9-aba7-b4fb85a465b4}</UniqueIdentifier>
    </Filter>
    <Filter Include="05. GameObject">
      <UniqueIdentifier>{93cbb73c-fc54-48e8-a91a-03ef49060e8c}</UniqueIdentifier>
    </Filter>
    <Filter Include="06. Component">
      <UniqueIdentifier>{5048bd6a-9ad5-43dc-9fda-0aa3732934e4}</UniqueIdentifier>
    </Filter>
    <Filter Include="07. Asset">
      <UniqueIdentifier>{73faa069-f32c-4acb-b925-d8bdf4a37a56}</UniqueIdentifier>
    </Filter>
    <Filter Include="07. Asset\Mesh">
      <UniqueIdentifier>{7619d022-cfb7-4c42-b7c5-4d74f51dde13}</UniqueIdentifier>
    </Filter>
    <Filter Include="07. Asset\Texture">
      <UniqueIdentifier>{e1ea69d0-b464-48a0-a9e0-84e81254c998}</UniqueIdentifier>
    </Filter>
    <Filter Include="07. Asset\Sound">
      <UniqueIdentifier>{2b07454f-54e3-479f-b346-f63e0cd9aded}</UniqueIdentifier>
    </Filter>
    <Filter Include="07. Asset\Material">
      <UniqueIdentifier>{a1cc45dd-ffd3-45d9-a9d7-7ac368badd44}</UniqueIdentifier>
    </Filter>
    <Filter Include="07. Asset\MeshData">
      <UniqueIdentifier>{fd962a0b-7e19-412a-867e-072ffad5c958}</UniqueIdentifier>
    </Filter>
    <Filter Include="07. Asset\Prefab">
      <UniqueIdentifier>{df520363-a328-4202-962c-0d816fd16c9b}</UniqueIdentifier>
    </Filter>
    <Filter Include="07. Asset\Shader">
      <UniqueIdentifier>{f064b3fe-f673-4e8d-bec2-c0ca8b922644}</UniqueIdentifier>
    </Filter>
    <Filter Include="03. Device\ConstBuffer">
      <UniqueIdentifier>{b37c980f-956c-42f8-9dce-7fd4b9a2e4fb}</UniqueIdentifier>
    </Filter>
    <Filter Include="07. Asset\Shader\GraphicShader">
      <UniqueIdentifier>{04498d9d-3974-4a14-b8ae-821c0fd80971}</UniqueIdentifier>
    </Filter>
    <Filter Include="07. Asset\Shader\ComputeShader">
      <UniqueIdentifier>{a64232d4-5ffd-4236-87b5-d2d965526066}</UniqueIdentifier>
    </Filter>
    <Filter Include="04. Manager\04. AssetMgr">
      <UniqueIdentifier>{3386bf87-16fe-4b03-9101-adf07f71c5a0}</UniqueIdentifier>
    </Filter>
  </ItemGroup>
  <ItemGroup>
    <ClInclude Include="framework.h">
      <Filter>Default</Filter>
    </ClInclude>
    <ClInclude Include="pch.h">
      <Filter>Default</Filter>
    </ClInclude>
    <ClInclude Include="CEngine.h">
      <Filter>02. Engine</Filter>
    </ClInclude>
    <ClInclude Include="global.h">
      <Filter>01. Header</Filter>
    </ClInclude>
    <ClInclude Include="CDevice.h">
      <Filter>03. Device</Filter>
    </ClInclude>
    <ClInclude Include="Temp.h" />
    <ClInclude Include="define.h">
      <Filter>01. Header</Filter>
    </ClInclude>
    <ClInclude Include="struct.h">
      <Filter>01. Header</Filter>
    </ClInclude>
    <ClInclude Include="SimpleMath.h">
      <Filter>Module</Filter>
    </ClInclude>
    <ClInclude Include="Singletone.h">
      <Filter>Module</Filter>
    </ClInclude>
    <ClInclude Include="CTimeManager.h">
      <Filter>04. Manager\01. TimeMgr</Filter>
    </ClInclude>
    <ClInclude Include="CPathManager.h">
      <Filter>04. Manager\02. PathMgr</Filter>
    </ClInclude>
    <ClInclude Include="CKeyManager.h">
      <Filter>04. Manager\03. KeyMgr</Filter>
    </ClInclude>
    <ClInclude Include="CEntity.h">
      <Filter>Module</Filter>
    </ClInclude>
    <ClInclude Include="CAsset.h">
      <Filter>07. Asset</Filter>
    </ClInclude>
    <ClInclude Include="CGameObject.h">
      <Filter>05. GameObject</Filter>
    </ClInclude>
    <ClInclude Include="CComponent.h">
      <Filter>06. Component</Filter>
    </ClInclude>
    <ClInclude Include="CMesh.h">
      <Filter>07. Asset\Mesh</Filter>
    </ClInclude>
    <ClInclude Include="enum.h">
      <Filter>01. Header</Filter>
    </ClInclude>
    <ClInclude Include="CConstBuffer.h">
      <Filter>03. Device\ConstBuffer</Filter>
    </ClInclude>
    <ClInclude Include="func.h">
      <Filter>01. Header</Filter>
    </ClInclude>
    <ClInclude Include="CShader.h">
      <Filter>07. Asset\Shader</Filter>
    </ClInclude>
    <ClInclude Include="CGraphicShader.h">
      <Filter>07. Asset\Shader\GraphicShader</Filter>
    </ClInclude>
    <ClInclude Include="CComputeShader.h">
      <Filter>07. Asset\Shader\ComputeShader</Filter>
    </ClInclude>
    <ClInclude Include="CAssetManager.h">
      <Filter>04. Manager\04. AssetMgr</Filter>
    </ClInclude>
    <ClInclude Include="ptr.h">
      <Filter>07. Asset</Filter>
    </ClInclude>
  </ItemGroup>
  <ItemGroup>
    <ClCompile Include="Engine.cpp">
      <Filter>Default</Filter>
    </ClCompile>
    <ClCompile Include="pch.cpp">
      <Filter>Default</Filter>
    </ClCompile>
    <ClCompile Include="CEngine.cpp">
      <Filter>02. Engine</Filter>
    </ClCompile>
    <ClCompile Include="CDevice.cpp">
      <Filter>03. Device</Filter>
    </ClCompile>
    <ClCompile Include="Temp.cpp" />
    <ClCompile Include="CTimeManager.cpp">
      <Filter>04. Manager\01. TimeMgr</Filter>
    </ClCompile>
    <ClCompile Include="CPathManager.cpp">
      <Filter>04. Manager\02. PathMgr</Filter>
    </ClCompile>
    <ClCompile Include="CKeyManager.cpp">
      <Filter>04. Manager\03. KeyMgr</Filter>
    </ClCompile>
    <ClCompile Include="CEntity.cpp">
      <Filter>Module</Filter>
    </ClCompile>
    <ClCompile Include="CAsset.cpp">
      <Filter>07. Asset</Filter>
    </ClCompile>
    <ClCompile Include="CGameObject.cpp">
      <Filter>05. GameObject</Filter>
    </ClCompile>
    <ClCompile Include="CComponent.cpp">
      <Filter>06. Component</Filter>
    </ClCompile>
    <ClCompile Include="CMesh.cpp">
      <Filter>07. Asset\Mesh</Filter>
    </ClCompile>
    <ClCompile Include="CConstBuffer.cpp">
      <Filter>03. Device\ConstBuffer</Filter>
    </ClCompile>
    <ClCompile Include="CShader.cpp">
      <Filter>07. Asset\Shader</Filter>
    </ClCompile>
    <ClCompile Include="CGraphicShader.cpp">
      <Filter>07. Asset\Shader\GraphicShader</Filter>
    </ClCompile>
    <ClCompile Include="CComputeShader.cpp">
      <Filter>07. Asset\Shader\ComputeShader</Filter>
    </ClCompile>
    <ClCompile Include="CAssetManager.cpp">
      <Filter>04. Manager\04. AssetMgr</Filter>
    </ClCompile>
    <ClCompile Include="CAssetMgr_Init.cpp">
      <Filter>04. Manager\04. AssetMgr</Filter>
    </ClCompile>
  </ItemGroup>
  <ItemGroup>
    <FxCompile Include="std2d.fx">
      <Filter>HLSL\2D</Filter>
    </FxCompile>
  </ItemGroup>
  <ItemGroup>
    <None Include="SimpleMath.inl">
      <Filter>Module</Filter>
    </None>
  </ItemGroup>
</Project>