<?xml version="1.0" encoding="utf-8"?>
<Project ToolsVersion="4.0" xmlns="http://schemas.microsoft.com/developer/msbuild/2003">
  <ItemGroup>
    <Filter Include="리소스 파일">
      <UniqueIdentifier>{67DA6AB6-F800-4c08-8B7A-83BB121AAD01}</UniqueIdentifier>
      <Extensions>rc;ico;cur;bmp;dlg;rc2;rct;bin;rgs;gif;jpg;jpeg;jpe;resx;tiff;tif;png;wav;mfcribbon-ms</Extensions>
    </Filter>
    <Filter Include="Default">
      <UniqueIdentifier>{7007d9c7-6cfa-49da-a843-2407c91003c9}</UniqueIdentifier>
    </Filter>
    <Filter Include="01. Manager">
      <UniqueIdentifier>{9c9901fa-9241-401f-8925-5559fcba97ec}</UniqueIdentifier>
    </Filter>
    <Filter Include="01. Manager\01. TestLevel">
      <UniqueIdentifier>{c6c3e14e-685b-461d-8352-301ab98c6778}</UniqueIdentifier>
    </Filter>
    <Filter Include="01. Manager\02. EditorManager">
      <UniqueIdentifier>{30759184-fbe3-4419-bc4a-a3b9854f261b}</UniqueIdentifier>
    </Filter>
    <Filter Include="01. Manager\02. EditorManager\GameObjectEx">
      <UniqueIdentifier>{31eaa444-ecef-4dde-bf4c-3c7c8ef70a0b}</UniqueIdentifier>
    </Filter>
    <Filter Include="01. Manager\02. EditorManager\Scripts">
      <UniqueIdentifier>{28d57195-2073-4996-8f4c-335e7e1d147c}</UniqueIdentifier>
    </Filter>
    <Filter Include="01. Manager\03. ImGuiManager">
      <UniqueIdentifier>{9666ddb5-f072-49bb-b51c-5d2eb0f01887}</UniqueIdentifier>
    </Filter>
    <Filter Include="01. Manager\03. ImGuiManager\ImGui">
      <UniqueIdentifier>{221c0f38-a78b-4c29-8e22-daaf4de8ef27}</UniqueIdentifier>
    </Filter>
    <Filter Include="02. EditorUI">
      <UniqueIdentifier>{5cab3701-dc91-4401-b8df-0afd1a9f4faf}</UniqueIdentifier>
    </Filter>
    <Filter Include="02. EditorUI\01. Inspector">
      <UniqueIdentifier>{5697259b-e3c2-4191-8fa4-bcfe6fbe41d4}</UniqueIdentifier>
    </Filter>
    <Filter Include="02. EditorUI\02. Content">
      <UniqueIdentifier>{30d7f0c5-c8b8-4137-b89b-01e3b80916f1}</UniqueIdentifier>
    </Filter>
    <Filter Include="02. EditorUI\03. Outliner">
      <UniqueIdentifier>{25690504-72a6-44ea-a022-0bdb8de7e683}</UniqueIdentifier>
    </Filter>
    <Filter Include="02. EditorUI\01. Inspector\ComponentUI">
      <UniqueIdentifier>{11ab8254-008f-41c0-87ae-87d70340aae2}</UniqueIdentifier>
    </Filter>
    <Filter Include="02. EditorUI\01. Inspector\ComponentUI\TransformUI">
      <UniqueIdentifier>{92d448b5-69f8-4bee-9288-3b11b9fec65c}</UniqueIdentifier>
    </Filter>
    <Filter Include="02. EditorUI\01. Inspector\ComponentUI\MeshRenderUI">
      <UniqueIdentifier>{3500ff59-409f-4e4e-b468-c433965c117f}</UniqueIdentifier>
    </Filter>
    <Filter Include="02. EditorUI\01. Inspector\ComponentUI\Collider2DUI">
      <UniqueIdentifier>{924e11aa-c595-4be8-9799-7ed3599b2ac3}</UniqueIdentifier>
    </Filter>
    <Filter Include="02. EditorUI\01. Inspector\ComponentUI\CameraUI">
      <UniqueIdentifier>{df336533-5324-473f-9812-0f67f9cd19e3}</UniqueIdentifier>
    </Filter>
    <Filter Include="02. EditorUI\01. Inspector\ComponentUI\TileMapUI">
      <UniqueIdentifier>{0e28ae69-4920-4e8e-af73-c61b0f51aa15}</UniqueIdentifier>
    </Filter>
    <Filter Include="02. EditorUI\01. Inspector\ComponentUI\ParticleSystemUI">
      <UniqueIdentifier>{27721d5e-fcb1-4342-9638-19040c963e66}</UniqueIdentifier>
    </Filter>
    <Filter Include="02. EditorUI\01. Inspector\ComponentUI\Animator2DUI">
      <UniqueIdentifier>{31c578cd-ef85-48e4-a7cc-d8aab77ed59d}</UniqueIdentifier>
    </Filter>
    <Filter Include="02. EditorUI\01. Inspector\ComponentUI\Light2DUI">
      <UniqueIdentifier>{d4c626cd-430b-4431-a24b-11fc4b5b7589}</UniqueIdentifier>
    </Filter>
  </ItemGroup>
  <ItemGroup>
    <ClInclude Include="Client.h">
      <Filter>Default</Filter>
    </ClInclude>
    <ClInclude Include="framework.h">
      <Filter>Default</Filter>
    </ClInclude>
    <ClInclude Include="Resource.h">
      <Filter>Default</Filter>
    </ClInclude>
    <ClInclude Include="targetver.h">
      <Filter>Default</Filter>
    </ClInclude>
    <ClInclude Include="CTestLevel.h">
      <Filter>01. Manager\01. TestLevel</Filter>
    </ClInclude>
    <ClInclude Include="pch.h">
      <Filter>Default</Filter>
    </ClInclude>
    <ClInclude Include="CEditorManager.h">
      <Filter>01. Manager\02. EditorManager</Filter>
    </ClInclude>
    <ClInclude Include="CGameObjectEx.h">
      <Filter>01. Manager\02. EditorManager\GameObjectEx</Filter>
    </ClInclude>
    <ClInclude Include="CEditorCameraScript.h">
      <Filter>01. Manager\02. EditorManager\Scripts</Filter>
    </ClInclude>
    <ClInclude Include="ImGui\imconfig.h">
      <Filter>01. Manager\03. ImGuiManager\ImGui</Filter>
    </ClInclude>
    <ClInclude Include="ImGui\imgui.h">
      <Filter>01. Manager\03. ImGuiManager\ImGui</Filter>
    </ClInclude>
    <ClInclude Include="ImGui\imgui_impl_dx11.h">
      <Filter>01. Manager\03. ImGuiManager\ImGui</Filter>
    </ClInclude>
    <ClInclude Include="ImGui\imgui_impl_win32.h">
      <Filter>01. Manager\03. ImGuiManager\ImGui</Filter>
    </ClInclude>
    <ClInclude Include="ImGui\imgui_internal.h">
      <Filter>01. Manager\03. ImGuiManager\ImGui</Filter>
    </ClInclude>
    <ClInclude Include="ImGui\imstb_rectpack.h">
      <Filter>01. Manager\03. ImGuiManager\ImGui</Filter>
    </ClInclude>
    <ClInclude Include="ImGui\imstb_textedit.h">
      <Filter>01. Manager\03. ImGuiManager\ImGui</Filter>
    </ClInclude>
    <ClInclude Include="ImGui\imstb_truetype.h">
      <Filter>01. Manager\03. ImGuiManager\ImGui</Filter>
    </ClInclude>
    <ClInclude Include="CImGuiManager.h">
      <Filter>01. Manager\03. ImGuiManager</Filter>
    </ClInclude>
    <ClInclude Include="EditorUI.h">
      <Filter>02. EditorUI</Filter>
    </ClInclude>
    <ClInclude Include="Inspector.h">
      <Filter>02. EditorUI\01. Inspector</Filter>
    </ClInclude>
    <ClInclude Include="TransformUI.h">
      <Filter>02. EditorUI\01. Inspector\ComponentUI\TransformUI</Filter>
    </ClInclude>
    <ClInclude Include="MeshRenderUI.h">
      <Filter>02. EditorUI\01. Inspector\ComponentUI\MeshRenderUI</Filter>
    </ClInclude>
    <ClInclude Include="ComponentUI.h">
      <Filter>02. EditorUI\01. Inspector\ComponentUI</Filter>
    </ClInclude>
  </ItemGroup>
  <ItemGroup>
    <ResourceCompile Include="Client.rc">
      <Filter>리소스 파일</Filter>
    </ResourceCompile>
  </ItemGroup>
  <ItemGroup>
    <Image Include="small.ico">
      <Filter>리소스 파일</Filter>
    </Image>
    <Image Include="Client.ico">
      <Filter>리소스 파일</Filter>
    </Image>
  </ItemGroup>
  <ItemGroup>
    <ClCompile Include="main.cpp" />
    <ClCompile Include="CTestLevel.cpp">
      <Filter>01. Manager\01. TestLevel</Filter>
    </ClCompile>
    <ClCompile Include="pch.cpp">
      <Filter>Default</Filter>
    </ClCompile>
    <ClCompile Include="CEditorManager.cpp">
      <Filter>01. Manager\02. EditorManager</Filter>
    </ClCompile>
    <ClCompile Include="CGameObjectEx.cpp">
      <Filter>01. Manager\02. EditorManager\GameObjectEx</Filter>
    </ClCompile>
    <ClCompile Include="CEditorCameraScript.cpp">
      <Filter>01. Manager\02. EditorManager\Scripts</Filter>
    </ClCompile>
    <ClCompile Include="ImGui\imgui.cpp">
      <Filter>01. Manager\03. ImGuiManager\ImGui</Filter>
    </ClCompile>
    <ClCompile Include="ImGui\imgui_demo.cpp">
      <Filter>01. Manager\03. ImGuiManager\ImGui</Filter>
    </ClCompile>
    <ClCompile Include="ImGui\imgui_draw.cpp">
      <Filter>01. Manager\03. ImGuiManager\ImGui</Filter>
    </ClCompile>
    <ClCompile Include="ImGui\imgui_impl_dx11.cpp">
      <Filter>01. Manager\03. ImGuiManager\ImGui</Filter>
    </ClCompile>
    <ClCompile Include="ImGui\imgui_impl_win32.cpp">
      <Filter>01. Manager\03. ImGuiManager\ImGui</Filter>
    </ClCompile>
    <ClCompile Include="ImGui\imgui_tables.cpp">
      <Filter>01. Manager\03. ImGuiManager\ImGui</Filter>
    </ClCompile>
    <ClCompile Include="ImGui\imgui_widgets.cpp">
      <Filter>01. Manager\03. ImGuiManager\ImGui</Filter>
    </ClCompile>
    <ClCompile Include="CImGuiManager.cpp">
      <Filter>01. Manager\03. ImGuiManager</Filter>
    </ClCompile>
    <ClCompile Include="EditorUI.cpp">
      <Filter>02. EditorUI</Filter>
    </ClCompile>
    <ClCompile Include="Inspector.cpp">
      <Filter>02. EditorUI\01. Inspector</Filter>
    </ClCompile>
    <ClCompile Include="TransformUI.cpp">
      <Filter>02. EditorUI\01. Inspector\ComponentUI\TransformUI</Filter>
    </ClCompile>
    <ClCompile Include="MeshRenderUI.cpp">
      <Filter>02. EditorUI\01. Inspector\ComponentUI\MeshRenderUI</Filter>
    </ClCompile>
    <ClCompile Include="ComponentUI.cpp">
      <Filter>02. EditorUI\01. Inspector\ComponentUI</Filter>
    </ClCompile>
  </ItemGroup>
</Project>